
Microsoft Visual Studio Solution File, Format Version 12.00
# Visual Studio Version 17
VisualStudioVersion = 17.11.35303.130
MinimumVisualStudioVersion = 10.0.40219.1
Project("{FAE04EC0-301F-11D3-BF4B-00C04F79EFBC}") = "LINQ2", "LINQ2.csproj", "{48684243-4A97-4A18-89FA-51E16E38BC43}"
EndProject
Global
	GlobalSection(SolutionConfigurationPlatforms) = preSolution
		Debug|Any CPU = Debug|Any CPU
		Release|Any CPU = Release|Any CPU
	EndGlobalSection
	GlobalSection(ProjectConfigurationPlatforms) = postSolution
		{48684243-4A97-4A18-89FA-51E16E38BC43}.Debug|Any CPU.ActiveCfg = Debug|Any CPU
		{48684243-4A97-4A18-89FA-51E16E38BC43}.Debug|Any CPU.Build.0 = Debug|Any CPU
		{48684243-4A97-4A18-89FA-51E16E38BC43}.Release|Any CPU.ActiveCfg = Release|Any CPU
		{48684243-4A97-4A18-89FA-51E16E38BC43}.Release|Any CPU.Build.0 = Release|Any CPU
	EndGlobalSection
	GlobalSection(SolutionProperties) = preSolution
		HideSolutionNode = FALSE
	EndGlobalSection
	GlobalSection(ExtensibilityGlobals) = postSolution
		SolutionGuid = {AADBA4BD-CBF2-42F3-B597-4C43BC027C3A}
	EndGlobalSection
EndGlobal
