
Microsoft Visual Studio Solution File, Format Version 12.00
# Visual Studio Version 17
VisualStudioVersion = 17.11.35303.130
MinimumVisualStudioVersion = 10.0.40219.1
Project("{FAE04EC0-301F-11D3-BF4B-00C04F79EFBC}") = "Async1", "Async1.csproj", "{34B74E59-CD6C-471C-80CF-EE8FFFFEFE0F}"
EndProject
Global
	GlobalSection(SolutionConfigurationPlatforms) = preSolution
		Debug|Any CPU = Debug|Any CPU
		Release|Any CPU = Release|Any CPU
	EndGlobalSection
	GlobalSection(ProjectConfigurationPlatforms) = postSolution
		{34B74E59-CD6C-471C-80CF-EE8FFFFEFE0F}.Debug|Any CPU.ActiveCfg = Debug|Any CPU
		{34B74E59-CD6C-471C-80CF-EE8FFFFEFE0F}.Debug|Any CPU.Build.0 = Debug|Any CPU
		{34B74E59-CD6C-471C-80CF-EE8FFFFEFE0F}.Release|Any CPU.ActiveCfg = Release|Any CPU
		{34B74E59-CD6C-471C-80CF-EE8FFFFEFE0F}.Release|Any CPU.Build.0 = Release|Any CPU
	EndGlobalSection
	GlobalSection(SolutionProperties) = preSolution
		HideSolutionNode = FALSE
	EndGlobalSection
	GlobalSection(ExtensibilityGlobals) = postSolution
		SolutionGuid = {F48F55FB-8454-4B41-BE37-1E5C7E13F85B}
	EndGlobalSection
EndGlobal
