
Microsoft Visual Studio Solution File, Format Version 12.00
# Visual Studio Version 17
VisualStudioVersion = 17.11.35303.130
MinimumVisualStudioVersion = 10.0.40219.1
Project("{FAE04EC0-301F-11D3-BF4B-00C04F79EFBC}") = "LINQ1", "LINQ1.csproj", "{693D242C-968E-4D03-A914-A9DAAB8F6C54}"
EndProject
Global
	GlobalSection(SolutionConfigurationPlatforms) = preSolution
		Debug|Any CPU = Debug|Any CPU
		Release|Any CPU = Release|Any CPU
	EndGlobalSection
	GlobalSection(ProjectConfigurationPlatforms) = postSolution
		{693D242C-968E-4D03-A914-A9DAAB8F6C54}.Debug|Any CPU.ActiveCfg = Debug|Any CPU
		{693D242C-968E-4D03-A914-A9DAAB8F6C54}.Debug|Any CPU.Build.0 = Debug|Any CPU
		{693D242C-968E-4D03-A914-A9DAAB8F6C54}.Release|Any CPU.ActiveCfg = Release|Any CPU
		{693D242C-968E-4D03-A914-A9DAAB8F6C54}.Release|Any CPU.Build.0 = Release|Any CPU
	EndGlobalSection
	GlobalSection(SolutionProperties) = preSolution
		HideSolutionNode = FALSE
	EndGlobalSection
	GlobalSection(ExtensibilityGlobals) = postSolution
		SolutionGuid = {58370709-F810-44F0-9E6F-8160471CCB69}
	EndGlobalSection
EndGlobal
