
Microsoft Visual Studio Solution File, Format Version 12.00
# Visual Studio Version 17
VisualStudioVersion = 17.11.35222.181
MinimumVisualStudioVersion = 10.0.40219.1
Project("{FAE04EC0-301F-11D3-BF4B-00C04F79EFBC}") = "Temperature", "Temperature.csproj", "{EE97FEF3-877A-4B66-8123-AA1878BCDE4D}"
EndProject
Global
	GlobalSection(SolutionConfigurationPlatforms) = preSolution
		Debug|Any CPU = Debug|Any CPU
		Release|Any CPU = Release|Any CPU
	EndGlobalSection
	GlobalSection(ProjectConfigurationPlatforms) = postSolution
		{EE97FEF3-877A-4B66-8123-AA1878BCDE4D}.Debug|Any CPU.ActiveCfg = Debug|Any CPU
		{EE97FEF3-877A-4B66-8123-AA1878BCDE4D}.Debug|Any CPU.Build.0 = Debug|Any CPU
		{EE97FEF3-877A-4B66-8123-AA1878BCDE4D}.Release|Any CPU.ActiveCfg = Release|Any CPU
		{EE97FEF3-877A-4B66-8123-AA1878BCDE4D}.Release|Any CPU.Build.0 = Release|Any CPU
	EndGlobalSection
	GlobalSection(SolutionProperties) = preSolution
		HideSolutionNode = FALSE
	EndGlobalSection
	GlobalSection(ExtensibilityGlobals) = postSolution
		SolutionGuid = {2D2AC6BC-0879-479C-8690-84B2B53E050A}
	EndGlobalSection
EndGlobal
