
Microsoft Visual Studio Solution File, Format Version 12.00
# Visual Studio Version 17
VisualStudioVersion = 17.11.35303.130
MinimumVisualStudioVersion = 10.0.40219.1
Project("{FAE04EC0-301F-11D3-BF4B-00C04F79EFBC}") = "SimpleArray", "SimpleArray.csproj", "{15C65351-33E1-4641-8FD6-305B5820CE86}"
EndProject
Global
	GlobalSection(SolutionConfigurationPlatforms) = preSolution
		Debug|Any CPU = Debug|Any CPU
		Release|Any CPU = Release|Any CPU
	EndGlobalSection
	GlobalSection(ProjectConfigurationPlatforms) = postSolution
		{15C65351-33E1-4641-8FD6-305B5820CE86}.Debug|Any CPU.ActiveCfg = Debug|Any CPU
		{15C65351-33E1-4641-8FD6-305B5820CE86}.Debug|Any CPU.Build.0 = Debug|Any CPU
		{15C65351-33E1-4641-8FD6-305B5820CE86}.Release|Any CPU.ActiveCfg = Release|Any CPU
		{15C65351-33E1-4641-8FD6-305B5820CE86}.Release|Any CPU.Build.0 = Release|Any CPU
	EndGlobalSection
	GlobalSection(SolutionProperties) = preSolution
		HideSolutionNode = FALSE
	EndGlobalSection
	GlobalSection(ExtensibilityGlobals) = postSolution
		SolutionGuid = {72C49E97-49BE-460B-A928-524D785EF155}
	EndGlobalSection
EndGlobal
